
Microsoft Visual Studio Solution File, Format Version 12.00
# Visual Studio Version 16
VisualStudioVersion = 16.0.31129.286
MinimumVisualStudioVersion = 10.0.40219.1
Project("{FAE04EC0-301F-11D3-BF4B-00C04F79EFBC}") = "MagicGradientsApp.UWP", "MagicGradientsApp.UWP\MagicGradientsApp.UWP.csproj", "{80CFA6F1-FAF1-43D3-A19B-5213CCEAE7B2}"
EndProject
Project("{FAE04EC0-301F-11D3-BF4B-00C04F79EFBC}") = "MagicGradientsApp.Android", "MagicGradientsApp.Android\MagicGradientsApp.Android.csproj", "{240A76A8-DDCB-4C4A-9CC4-0B6AC6EE32C9}"
EndProject
Project("{FAE04EC0-301F-11D3-BF4B-00C04F79EFBC}") = "MagicGradientsApp.iOS", "MagicGradientsApp.iOS\MagicGradientsApp.iOS.csproj", "{54C36E19-4A4C-463D-A9DA-D5331E3912F8}"
EndProject
Project("{FAE04EC0-301F-11D3-BF4B-00C04F79EFBC}") = "MagicGradientsApp", "MagicGradientsApp\MagicGradientsApp.csproj", "{B84D9D03-6473-421B-BBE2-7EC44FC2AE51}"
EndProject
Global
	GlobalSection(SolutionConfigurationPlatforms) = preSolution
		Debug|Any CPU = Debug|Any CPU
		Debug|ARM = Debug|ARM
		Debug|iPhone = Debug|iPhone
		Debug|iPhoneSimulator = Debug|iPhoneSimulator
		Debug|x64 = Debug|x64
		Debug|x86 = Debug|x86
		Release|Any CPU = Release|Any CPU
		Release|ARM = Release|ARM
		Release|iPhone = Release|iPhone
		Release|iPhoneSimulator = Release|iPhoneSimulator
		Release|x64 = Release|x64
		Release|x86 = Release|x86
	EndGlobalSection
	GlobalSection(ProjectConfigurationPlatforms) = postSolution
		{80CFA6F1-FAF1-43D3-A19B-5213CCEAE7B2}.Debug|Any CPU.ActiveCfg = Debug|x86
		{80CFA6F1-FAF1-43D3-A19B-5213CCEAE7B2}.Debug|Any CPU.Build.0 = Debug|x86
		{80CFA6F1-FAF1-43D3-A19B-5213CCEAE7B2}.Debug|Any CPU.Deploy.0 = Debug|x86
		{80CFA6F1-FAF1-43D3-A19B-5213CCEAE7B2}.Debug|ARM.ActiveCfg = Debug|ARM
		{80CFA6F1-FAF1-43D3-A19B-5213CCEAE7B2}.Debug|ARM.Build.0 = Debug|ARM
		{80CFA6F1-FAF1-43D3-A19B-5213CCEAE7B2}.Debug|ARM.Deploy.0 = Debug|ARM
		{80CFA6F1-FAF1-43D3-A19B-5213CCEAE7B2}.Debug|iPhone.ActiveCfg = Debug|x86
		{80CFA6F1-FAF1-43D3-A19B-5213CCEAE7B2}.Debug|iPhone.Build.0 = Debug|x86
		{80CFA6F1-FAF1-43D3-A19B-5213CCEAE7B2}.Debug|iPhone.Deploy.0 = Debug|x86
		{80CFA6F1-FAF1-43D3-A19B-5213CCEAE7B2}.Debug|iPhoneSimulator.ActiveCfg = Debug|x86
		{80CFA6F1-FAF1-43D3-A19B-5213CCEAE7B2}.Debug|iPhoneSimulator.Build.0 = Debug|x86
		{80CFA6F1-FAF1-43D3-A19B-5213CCEAE7B2}.Debug|iPhoneSimulator.Deploy.0 = Debug|x86
		{80CFA6F1-FAF1-43D3-A19B-5213CCEAE7B2}.Debug|x64.ActiveCfg = Debug|x64
		{80CFA6F1-FAF1-43D3-A19B-5213CCEAE7B2}.Debug|x64.Build.0 = Debug|x64
		{80CFA6F1-FAF1-43D3-A19B-5213CCEAE7B2}.Debug|x64.Deploy.0 = Debug|x64
		{80CFA6F1-FAF1-43D3-A19B-5213CCEAE7B2}.Debug|x86.ActiveCfg = Debug|x86
		{80CFA6F1-FAF1-43D3-A19B-5213CCEAE7B2}.Debug|x86.Build.0 = Debug|x86
		{80CFA6F1-FAF1-43D3-A19B-5213CCEAE7B2}.Debug|x86.Deploy.0 = Debug|x86
		{80CFA6F1-FAF1-43D3-A19B-5213CCEAE7B2}.Release|Any CPU.ActiveCfg = Release|x86
		{80CFA6F1-FAF1-43D3-A19B-5213CCEAE7B2}.Release|Any CPU.Build.0 = Release|x86
		{80CFA6F1-FAF1-43D3-A19B-5213CCEAE7B2}.Release|Any CPU.Deploy.0 = Release|x86
		{80CFA6F1-FAF1-43D3-A19B-5213CCEAE7B2}.Release|ARM.ActiveCfg = Release|ARM
		{80CFA6F1-FAF1-43D3-A19B-5213CCEAE7B2}.Release|ARM.Build.0 = Release|ARM
		{80CFA6F1-FAF1-43D3-A19B-5213CCEAE7B2}.Release|ARM.Deploy.0 = Release|ARM
		{80CFA6F1-FAF1-43D3-A19B-5213CCEAE7B2}.Release|iPhone.ActiveCfg = Release|x86
		{80CFA6F1-FAF1-43D3-A19B-5213CCEAE7B2}.Release|iPhone.Build.0 = Release|x86
		{80CFA6F1-FAF1-43D3-A19B-5213CCEAE7B2}.Release|iPhone.Deploy.0 = Release|x86
		{80CFA6F1-FAF1-43D3-A19B-5213CCEAE7B2}.Release|iPhoneSimulator.ActiveCfg = Release|x86
		{80CFA6F1-FAF1-43D3-A19B-5213CCEAE7B2}.Release|iPhoneSimulator.Build.0 = Release|x86
		{80CFA6F1-FAF1-43D3-A19B-5213CCEAE7B2}.Release|iPhoneSimulator.Deploy.0 = Release|x86
		{80CFA6F1-FAF1-43D3-A19B-5213CCEAE7B2}.Release|x64.ActiveCfg = Release|x64
		{80CFA6F1-FAF1-43D3-A19B-5213CCEAE7B2}.Release|x64.Build.0 = Release|x64
		{80CFA6F1-FAF1-43D3-A19B-5213CCEAE7B2}.Release|x64.Deploy.0 = Release|x64
		{80CFA6F1-FAF1-43D3-A19B-5213CCEAE7B2}.Release|x86.ActiveCfg = Release|x86
		{80CFA6F1-FAF1-43D3-A19B-5213CCEAE7B2}.Release|x86.Build.0 = Release|x86
		{80CFA6F1-FAF1-43D3-A19B-5213CCEAE7B2}.Release|x86.Deploy.0 = Release|x86
		{240A76A8-DDCB-4C4A-9CC4-0B6AC6EE32C9}.Debug|Any CPU.ActiveCfg = Debug|Any CPU
		{240A76A8-DDCB-4C4A-9CC4-0B6AC6EE32C9}.Debug|Any CPU.Build.0 = Debug|Any CPU
		{240A76A8-DDCB-4C4A-9CC4-0B6AC6EE32C9}.Debug|Any CPU.Deploy.0 = Debug|Any CPU
		{240A76A8-DDCB-4C4A-9CC4-0B6AC6EE32C9}.Debug|ARM.ActiveCfg = Debug|Any CPU
		{240A76A8-DDCB-4C4A-9CC4-0B6AC6EE32C9}.Debug|ARM.Build.0 = Debug|Any CPU
		{240A76A8-DDCB-4C4A-9CC4-0B6AC6EE32C9}.Debug|ARM.Deploy.0 = Debug|Any CPU
		{240A76A8-DDCB-4C4A-9CC4-0B6AC6EE32C9}.Debug|iPhone.ActiveCfg = Debug|Any CPU
		{240A76A8-DDCB-4C4A-9CC4-0B6AC6EE32C9}.Debug|iPhone.Build.0 = Debug|Any CPU
		{240A76A8-DDCB-4C4A-9CC4-0B6AC6EE32C9}.Debug|iPhone.Deploy.0 = Debug|Any CPU
		{240A76A8-DDCB-4C4A-9CC4-0B6AC6EE32C9}.Debug|iPhoneSimulator.ActiveCfg = Debug|Any CPU
		{240A76A8-DDCB-4C4A-9CC4-0B6AC6EE32C9}.Debug|iPhoneSimulator.Build.0 = Debug|Any CPU
		{240A76A8-DDCB-4C4A-9CC4-0B6AC6EE32C9}.Debug|iPhoneSimulator.Deploy.0 = Debug|Any CPU
		{240A76A8-DDCB-4C4A-9CC4-0B6AC6EE32C9}.Debug|x64.ActiveCfg = Debug|Any CPU
		{240A76A8-DDCB-4C4A-9CC4-0B6AC6EE32C9}.Debug|x64.Build.0 = Debug|Any CPU
		{240A76A8-DDCB-4C4A-9CC4-0B6AC6EE32C9}.Debug|x64.Deploy.0 = Debug|Any CPU
		{240A76A8-DDCB-4C4A-9CC4-0B6AC6EE32C9}.Debug|x86.ActiveCfg = Debug|Any CPU
		{240A76A8-DDCB-4C4A-9CC4-0B6AC6EE32C9}.Debug|x86.Build.0 = Debug|Any CPU
		{240A76A8-DDCB-4C4A-9CC4-0B6AC6EE32C9}.Debug|x86.Deploy.0 = Debug|Any CPU
		{240A76A8-DDCB-4C4A-9CC4-0B6AC6EE32C9}.Release|Any CPU.ActiveCfg = Release|Any CPU
		{240A76A8-DDCB-4C4A-9CC4-0B6AC6EE32C9}.Release|Any CPU.Build.0 = Release|Any CPU
		{240A76A8-DDCB-4C4A-9CC4-0B6AC6EE32C9}.Release|Any CPU.Deploy.0 = Release|Any CPU
		{240A76A8-DDCB-4C4A-9CC4-0B6AC6EE32C9}.Release|ARM.ActiveCfg = Release|Any CPU
		{240A76A8-DDCB-4C4A-9CC4-0B6AC6EE32C9}.Release|ARM.Build.0 = Release|Any CPU
		{240A76A8-DDCB-4C4A-9CC4-0B6AC6EE32C9}.Release|ARM.Deploy.0 = Release|Any CPU
		{240A76A8-DDCB-4C4A-9CC4-0B6AC6EE32C9}.Release|iPhone.ActiveCfg = Release|Any CPU
		{240A76A8-DDCB-4C4A-9CC4-0B6AC6EE32C9}.Release|iPhone.Build.0 = Release|Any CPU
		{240A76A8-DDCB-4C4A-9CC4-0B6AC6EE32C9}.Release|iPhone.Deploy.0 = Release|Any CPU
		{240A76A8-DDCB-4C4A-9CC4-0B6AC6EE32C9}.Release|iPhoneSimulator.ActiveCfg = Release|Any CPU
		{240A76A8-DDCB-4C4A-9CC4-0B6AC6EE32C9}.Release|iPhoneSimulator.Build.0 = Release|Any CPU
		{240A76A8-DDCB-4C4A-9CC4-0B6AC6EE32C9}.Release|iPhoneSimulator.Deploy.0 = Release|Any CPU
		{240A76A8-DDCB-4C4A-9CC4-0B6AC6EE32C9}.Release|x64.ActiveCfg = Release|Any CPU
		{240A76A8-DDCB-4C4A-9CC4-0B6AC6EE32C9}.Release|x64.Build.0 = Release|Any CPU
		{240A76A8-DDCB-4C4A-9CC4-0B6AC6EE32C9}.Release|x64.Deploy.0 = Release|Any CPU
		{240A76A8-DDCB-4C4A-9CC4-0B6AC6EE32C9}.Release|x86.ActiveCfg = Release|Any CPU
		{240A76A8-DDCB-4C4A-9CC4-0B6AC6EE32C9}.Release|x86.Build.0 = Release|Any CPU
		{240A76A8-DDCB-4C4A-9CC4-0B6AC6EE32C9}.Release|x86.Deploy.0 = Release|Any CPU
		{54C36E19-4A4C-463D-A9DA-D5331E3912F8}.Debug|Any CPU.ActiveCfg = Debug|iPhoneSimulator
		{54C36E19-4A4C-463D-A9DA-D5331E3912F8}.Debug|Any CPU.Build.0 = Debug|iPhoneSimulator
		{54C36E19-4A4C-463D-A9DA-D5331E3912F8}.Debug|Any CPU.Deploy.0 = Debug|iPhoneSimulator
		{54C36E19-4A4C-463D-A9DA-D5331E3912F8}.Debug|ARM.ActiveCfg = Debug|iPhone
		{54C36E19-4A4C-463D-A9DA-D5331E3912F8}.Debug|ARM.Build.0 = Debug|iPhone
		{54C36E19-4A4C-463D-A9DA-D5331E3912F8}.Debug|ARM.Deploy.0 = Debug|iPhone
		{54C36E19-4A4C-463D-A9DA-D5331E3912F8}.Debug|iPhone.ActiveCfg = Debug|iPhone
		{54C36E19-4A4C-463D-A9DA-D5331E3912F8}.Debug|iPhone.Build.0 = Debug|iPhone
		{54C36E19-4A4C-463D-A9DA-D5331E3912F8}.Debug|iPhone.Deploy.0 = Debug|iPhone
		{54C36E19-4A4C-463D-A9DA-D5331E3912F8}.Debug|iPhoneSimulator.ActiveCfg = Debug|iPhoneSimulator
		{54C36E19-4A4C-463D-A9DA-D5331E3912F8}.Debug|iPhoneSimulator.Build.0 = Debug|iPhoneSimulator
		{54C36E19-4A4C-463D-A9DA-D5331E3912F8}.Debug|iPhoneSimulator.Deploy.0 = Debug|iPhoneSimulator
		{54C36E19-4A4C-463D-A9DA-D5331E3912F8}.Debug|x64.ActiveCfg = Debug|iPhoneSimulator
		{54C36E19-4A4C-463D-A9DA-D5331E3912F8}.Debug|x64.Build.0 = Debug|iPhoneSimulator
		{54C36E19-4A4C-463D-A9DA-D5331E3912F8}.Debug|x64.Deploy.0 = Debug|iPhoneSimulator
		{54C36E19-4A4C-463D-A9DA-D5331E3912F8}.Debug|x86.ActiveCfg = Debug|iPhoneSimulator
		{54C36E19-4A4C-463D-A9DA-D5331E3912F8}.Debug|x86.Build.0 = Debug|iPhoneSimulator
		{54C36E19-4A4C-463D-A9DA-D5331E3912F8}.Debug|x86.Deploy.0 = Debug|iPhoneSimulator
		{54C36E19-4A4C-463D-A9DA-D5331E3912F8}.Release|Any CPU.ActiveCfg = Release|iPhoneSimulator
		{54C36E19-4A4C-463D-A9DA-D5331E3912F8}.Release|Any CPU.Build.0 = Release|iPhoneSimulator
		{54C36E19-4A4C-463D-A9DA-D5331E3912F8}.Release|Any CPU.Deploy.0 = Release|iPhoneSimulator
		{54C36E19-4A4C-463D-A9DA-D5331E3912F8}.Release|ARM.ActiveCfg = Release|iPhoneSimulator
		{54C36E19-4A4C-463D-A9DA-D5331E3912F8}.Release|ARM.Build.0 = Release|iPhoneSimulator
		{54C36E19-4A4C-463D-A9DA-D5331E3912F8}.Release|ARM.Deploy.0 = Release|iPhoneSimulator
		{54C36E19-4A4C-463D-A9DA-D5331E3912F8}.Release|iPhone.ActiveCfg = Release|iPhone
		{54C36E19-4A4C-463D-A9DA-D5331E3912F8}.Release|iPhone.Build.0 = Release|iPhone
		{54C36E19-4A4C-463D-A9DA-D5331E3912F8}.Release|iPhone.Deploy.0 = Release|iPhone
		{54C36E19-4A4C-463D-A9DA-D5331E3912F8}.Release|iPhoneSimulator.ActiveCfg = Release|iPhoneSimulator
		{54C36E19-4A4C-463D-A9DA-D5331E3912F8}.Release|iPhoneSimulator.Build.0 = Release|iPhoneSimulator
		{54C36E19-4A4C-463D-A9DA-D5331E3912F8}.Release|iPhoneSimulator.Deploy.0 = Release|iPhoneSimulator
		{54C36E19-4A4C-463D-A9DA-D5331E3912F8}.Release|x64.ActiveCfg = Release|iPhoneSimulator
		{54C36E19-4A4C-463D-A9DA-D5331E3912F8}.Release|x64.Build.0 = Release|iPhoneSimulator
		{54C36E19-4A4C-463D-A9DA-D5331E3912F8}.Release|x64.Deploy.0 = Release|iPhoneSimulator
		{54C36E19-4A4C-463D-A9DA-D5331E3912F8}.Release|x86.ActiveCfg = Release|iPhoneSimulator
		{54C36E19-4A4C-463D-A9DA-D5331E3912F8}.Release|x86.Build.0 = Release|iPhoneSimulator
		{54C36E19-4A4C-463D-A9DA-D5331E3912F8}.Release|x86.Deploy.0 = Release|iPhoneSimulator
		{B84D9D03-6473-421B-BBE2-7EC44FC2AE51}.Debug|Any CPU.ActiveCfg = Debug|Any CPU
		{B84D9D03-6473-421B-BBE2-7EC44FC2AE51}.Debug|Any CPU.Build.0 = Debug|Any CPU
		{B84D9D03-6473-421B-BBE2-7EC44FC2AE51}.Debug|Any CPU.Deploy.0 = Debug|Any CPU
		{B84D9D03-6473-421B-BBE2-7EC44FC2AE51}.Debug|ARM.ActiveCfg = Debug|Any CPU
		{B84D9D03-6473-421B-BBE2-7EC44FC2AE51}.Debug|ARM.Build.0 = Debug|Any CPU
		{B84D9D03-6473-421B-BBE2-7EC44FC2AE51}.Debug|ARM.Deploy.0 = Debug|Any CPU
		{B84D9D03-6473-421B-BBE2-7EC44FC2AE51}.Debug|iPhone.ActiveCfg = Debug|Any CPU
		{B84D9D03-6473-421B-BBE2-7EC44FC2AE51}.Debug|iPhone.Build.0 = Debug|Any CPU
		{B84D9D03-6473-421B-BBE2-7EC44FC2AE51}.Debug|iPhone.Deploy.0 = Debug|Any CPU
		{B84D9D03-6473-421B-BBE2-7EC44FC2AE51}.Debug|iPhoneSimulator.ActiveCfg = Debug|Any CPU
		{B84D9D03-6473-421B-BBE2-7EC44FC2AE51}.Debug|iPhoneSimulator.Build.0 = Debug|Any CPU
		{B84D9D03-6473-421B-BBE2-7EC44FC2AE51}.Debug|iPhoneSimulator.Deploy.0 = Debug|Any CPU
		{B84D9D03-6473-421B-BBE2-7EC44FC2AE51}.Debug|x64.ActiveCfg = Debug|Any CPU
		{B84D9D03-6473-421B-BBE2-7EC44FC2AE51}.Debug|x64.Build.0 = Debug|Any CPU
		{B84D9D03-6473-421B-BBE2-7EC44FC2AE51}.Debug|x64.Deploy.0 = Debug|Any CPU
		{B84D9D03-6473-421B-BBE2-7EC44FC2AE51}.Debug|x86.ActiveCfg = Debug|Any CPU
		{B84D9D03-6473-421B-BBE2-7EC44FC2AE51}.Debug|x86.Build.0 = Debug|Any CPU
		{B84D9D03-6473-421B-BBE2-7EC44FC2AE51}.Debug|x86.Deploy.0 = Debug|Any CPU
		{B84D9D03-6473-421B-BBE2-7EC44FC2AE51}.Release|Any CPU.ActiveCfg = Release|Any CPU
		{B84D9D03-6473-421B-BBE2-7EC44FC2AE51}.Release|Any CPU.Build.0 = Release|Any CPU
		{B84D9D03-6473-421B-BBE2-7EC44FC2AE51}.Release|Any CPU.Deploy.0 = Release|Any CPU
		{B84D9D03-6473-421B-BBE2-7EC44FC2AE51}.Release|ARM.ActiveCfg = Release|Any CPU
		{B84D9D03-6473-421B-BBE2-7EC44FC2AE51}.Release|ARM.Build.0 = Release|Any CPU
		{B84D9D03-6473-421B-BBE2-7EC44FC2AE51}.Release|ARM.Deploy.0 = Release|Any CPU
		{B84D9D03-6473-421B-BBE2-7EC44FC2AE51}.Release|iPhone.ActiveCfg = Release|Any CPU
		{B84D9D03-6473-421B-BBE2-7EC44FC2AE51}.Release|iPhone.Build.0 = Release|Any CPU
		{B84D9D03-6473-421B-BBE2-7EC44FC2AE51}.Release|iPhone.Deploy.0 = Release|Any CPU
		{B84D9D03-6473-421B-BBE2-7EC44FC2AE51}.Release|iPhoneSimulator.ActiveCfg = Release|Any CPU
		{B84D9D03-6473-421B-BBE2-7EC44FC2AE51}.Release|iPhoneSimulator.Build.0 = Release|Any CPU
		{B84D9D03-6473-421B-BBE2-7EC44FC2AE51}.Release|iPhoneSimulator.Deploy.0 = Release|Any CPU
		{B84D9D03-6473-421B-BBE2-7EC44FC2AE51}.Release|x64.ActiveCfg = Release|Any CPU
		{B84D9D03-6473-421B-BBE2-7EC44FC2AE51}.Release|x64.Build.0 = Release|Any CPU
		{B84D9D03-6473-421B-BBE2-7EC44FC2AE51}.Release|x64.Deploy.0 = Release|Any CPU
		{B84D9D03-6473-421B-BBE2-7EC44FC2AE51}.Release|x86.ActiveCfg = Release|Any CPU
		{B84D9D03-6473-421B-BBE2-7EC44FC2AE51}.Release|x86.Build.0 = Release|Any CPU
		{B84D9D03-6473-421B-BBE2-7EC44FC2AE51}.Release|x86.Deploy.0 = Release|Any CPU
	EndGlobalSection
	GlobalSection(SolutionProperties) = preSolution
		HideSolutionNode = FALSE
	EndGlobalSection
	GlobalSection(ExtensibilityGlobals) = postSolution
		SolutionGuid = {703505A4-73C1-4A1E-9853-A2CE612E98ED}
	EndGlobalSection
EndGlobal
